dependencies:
- name: forum-common
  repository: file://../../forum-common
  version: 0.1.0
- name: comments
  repository: file://../../comments
  version: 0.1.0
- name: commentsdb
  repository: file://../../commentsdb
  version: 0.1.0
- name: configserver
  repository: file://../../configserver
  version: 0.1.0
- name: gatewayserver
  repository: file://../../gatewayserver
  version: 0.1.0
- name: kafkaui
  repository: file://../../kafkaui
  version: 0.1.0
- name: keycloak
  repository: file://../../keycloak
  version: 0.1.0
- name: keycloakdb
  repository: file://../../keycloakdb
  version: 0.1.0
- name: forum-minio
  repository: file://../../forum-services/minio
  version: 0.1.0
- name: notifications
  repository: file://../../notifications
  version: 0.1.0
- name: notificationsdb
  repository: file://../../notificationsdb
  version: 0.1.0
- name: posts
  repository: file://../../posts
  version: 0.1.0
- name: postsdb
  repository: file://../../postsdb
  version: 0.1.0
- name: redis
  repository: file://../../forum-services/redis
  version: 0.1.0
- name: redis-insight
  repository: file://../../forum-services/redis-insight
  version: 0.1.0
- name: reportsdb
  repository: file://../../forum-database/reportsdb
  version: 0.1.0
- name: users
  repository: file://../../users
  version: 0.1.0
- name: usersdb
  repository: file://../../forum-database/usersdb
  version: 0.1.0
digest: sha256:09f3e04c28666c9809ec660253a774a79b9ba4e8afca41447d18dab3a8e10e86
generated: "2024-11-16T04:09:00.1087438+07:00"
