dependencies:
- name: forum-common
  repository: file://../../forum-common
  version: 0.1.0
- name: forum-comments
  repository: file://../../forum-comments
  version: 0.1.0
- name: forum-commentsdb
  repository: file://../../forum-commentsdb
  version: 0.1.0
- name: forum-configserver
  repository: file://../../forum-configserver
  version: 0.1.0
- name: forum-gatewayserver
  repository: file://../../forum-gatewayserver
  version: 0.1.0
- name: forum-kafkaui
  repository: file://../../forum-kafkaui
  version: 0.1.0
- name: forum-keycloak
  repository: file://../../forum-keycloak
  version: 0.1.0
- name: forum-keycloakdb
  repository: file://../../forum-keycloakdb
  version: 0.1.0
- name: forum-minio
  repository: file://../../forum-minio
  version: 0.1.0
- name: forum-notifications
  repository: file://../../forum-notifications
  version: 0.1.0
- name: forum-notificationsdb
  repository: file://../../forum-notificationsdb
  version: 0.1.0
- name: forum-posts
  repository: file://../../forum-posts
  version: 0.1.0
- name: forum-postsdb
  repository: file://../../forum-postsdb
  version: 0.1.0
- name: forum-redis
  repository: file://../../forum-redis
  version: 0.1.0
- name: forum-redis-insight
  repository: file://../../forum-redis-insight
  version: 0.1.0
- name: forum-reportsdb
  repository: file://../../forum-reportsdb
  version: 0.1.0
- name: forum-users
  repository: file://../../forum-users
  version: 0.1.0
- name: forum-usersdb
  repository: file://../../forum-usersdb
  version: 0.1.0
digest: sha256:1bff0f2f1687cfbcdc853a492c67c81f3f9191b4847968cca0c95a8fe91582b1
generated: "2024-11-16T00:44:26.08023+07:00"
